
Microsoft Visual Studio Solution File, Format Version 12.00
# Visual Studio Version 17
VisualStudioVersion = 17.5.33502.453
MinimumVisualStudioVersion = 10.0.40219.1
Project("{FAE04EC0-301F-11D3-BF4B-00C04F79EFBC}") = "HWPApi", "HWPApi\HWPApi.csproj", "{B9F68EEC-72D3-484C-AD80-164224B57924}"
EndProject
Global
	GlobalSection(SolutionConfigurationPlatforms) = preSolution
		Debug|Any CPU = Debug|Any CPU
		Release|Any CPU = Release|Any CPU
	EndGlobalSection
	GlobalSection(ProjectConfigurationPlatforms) = postSolution
		{B9F68EEC-72D3-484C-AD80-164224B57924}.Debug|Any CPU.ActiveCfg = Debug|Any CPU
		{B9F68EEC-72D3-484C-AD80-164224B57924}.Debug|Any CPU.Build.0 = Debug|Any CPU
		{B9F68EEC-72D3-484C-AD80-164224B57924}.Release|Any CPU.ActiveCfg = Release|Any CPU
		{B9F68EEC-72D3-484C-AD80-164224B57924}.Release|Any CPU.Build.0 = Release|Any CPU
	EndGlobalSection
	GlobalSection(SolutionProperties) = preSolution
		HideSolutionNode = FALSE
	EndGlobalSection
	GlobalSection(ExtensibilityGlobals) = postSolution
		SolutionGuid = {A4B1A77E-6A49-4D43-A887-9ED11CD566DD}
	EndGlobalSection
EndGlobal
